// !$*UTF8*$!
{
	archiveVersion = 1;
	classes = {
	};
	objectVersion = 46;
	objects = {

/* Begin PBXBuildFile section */
		05884F1B19575876007BDA67 /* Foundation.framework in Frameworks */ = {isa = PBXBuildFile; fileRef = 05884F1A19575876007BDA67 /* Foundation.framework */; };
		05884F1D19575876007BDA67 /* CoreGraphics.framework in Frameworks */ = {isa = PBXBuildFile; fileRef = 05884F1C19575876007BDA67 /* CoreGraphics.framework */; };
		05884F1F19575876007BDA67 /* UIKit.framework in Frameworks */ = {isa = PBXBuildFile; fileRef = 05884F1E19575876007BDA67 /* UIKit.framework */; };
		05884F2519575876007BDA67 /* InfoPlist.strings in Resources */ = {isa = PBXBuildFile; fileRef = 05884F2319575876007BDA67 /* InfoPlist.strings */; };
		05884F2719575876007BDA67 /* main.m in Sources */ = {isa = PBXBuildFile; fileRef = 05884F2619575876007BDA67 /* main.m */; };
		05884F2B19575876007BDA67 /* AppDelegate.m in Sources */ = {isa = PBXBuildFile; fileRef = 05884F2A19575876007BDA67 /* AppDelegate.m */; };
		05884F2D19575876007BDA67 /* Images.xcassets in Resources */ = {isa = PBXBuildFile; fileRef = 05884F2C19575876007BDA67 /* Images.xcassets */; };
		05884F3419575876007BDA67 /* XCTest.framework in Frameworks */ = {isa = PBXBuildFile; fileRef = 05884F3319575876007BDA67 /* XCTest.framework */; };
		05884F3519575876007BDA67 /* Foundation.framework in Frameworks */ = {isa = PBXBuildFile; fileRef = 05884F1A19575876007BDA67 /* Foundation.framework */; };
		05884F3619575876007BDA67 /* UIKit.framework in Frameworks */ = {isa = PBXBuildFile; fileRef = 05884F1E19575876007BDA67 /* UIKit.framework */; };
		05884F3E19575876007BDA67 /* InfoPlist.strings in Resources */ = {isa = PBXBuildFile; fileRef = 05884F3C19575876007BDA67 /* InfoPlist.strings */; };
		05884F4019575876007BDA67 /* PaperTests.m in Sources */ = {isa = PBXBuildFile; fileRef = 05884F3F19575876007BDA67 /* PaperTests.m */; };
		05884F4C1957588B007BDA67 /* MainViewController.m in Sources */ = {isa = PBXBuildFile; fileRef = 05884F4A1957588B007BDA67 /* MainViewController.m */; };
		05884F4D1957588B007BDA67 /* MainViewController.xib in Resources */ = {isa = PBXBuildFile; fileRef = 05884F4B1957588B007BDA67 /* MainViewController.xib */; };
/* End PBXBuildFile section */

/* Begin PBXContainerItemProxy section */
		05884F3719575876007BDA67 /* PBXContainerItemProxy */ = {
			isa = PBXContainerItemProxy;
			containerPortal = 05884F0F19575876007BDA67 /* Project object */;
			proxyType = 1;
			remoteGlobalIDString = 05884F1619575876007BDA67;
			remoteInfo = Paper;
		};
/* End PBXContainerItemProxy section */

/* Begin PBXFileReference section */
		05884F1719575876007BDA67 /* Paper.app */ = {isa = PBXFileReference; explicitFileType = wrapper.application; includeInIndex = 0; path = Paper.app; sourceTree = BUILT_PRODUCTS_DIR; };
		05884F1A19575876007BDA67 /* Foundation.framework */ = {isa = PBXFileReference; lastKnownFileType = wrapper.framework; name = Foundation.framework; path = System/Library/Frameworks/Foundation.framework; sourceTree = SDKROOT; };
		05884F1C19575876007BDA67 /* CoreGraphics.framework */ = {isa = PBXFileReference; lastKnownFileType = wrapper.framework; name = CoreGraphics.framework; path = System/Library/Frameworks/CoreGraphics.framework; sourceTree = SDKROOT; };
		05884F1E19575876007BDA67 /* UIKit.framework */ = {isa = PBXFileReference; lastKnownFileType = wrapper.framework; name = UIKit.framework; path = System/Library/Frameworks/UIKit.framework; sourceTree = SDKROOT; };
		05884F2219575876007BDA67 /* Paper-Info.plist */ = {isa = PBXFileReference; lastKnownFileType = text.plist.xml; path = "Paper-Info.plist"; sourceTree = "<group>"; };
		05884F2419575876007BDA67 /* en */ = {isa = PBXFileReference; lastKnownFileType = text.plist.strings; name = en; path = en.lproj/InfoPlist.strings; sourceTree = "<group>"; };
		05884F2619575876007BDA67 /* main.m */ = {isa = PBXFileReference; lastKnownFileType = sourcecode.c.objc; path = main.m; sourceTree = "<group>"; };
		05884F2819575876007BDA67 /* Paper-Prefix.pch */ = {isa = PBXFileReference; lastKnownFileType = sourcecode.c.h; path = "Paper-Prefix.pch"; sourceTree = "<group>"; };
		05884F2919575876007BDA67 /* AppDelegate.h */ = {isa = PBXFileReference; lastKnownFileType = sourcecode.c.h; path = AppDelegate.h; sourceTree = "<group>"; };
		05884F2A19575876007BDA67 /* AppDelegate.m */ = {isa = PBXFileReference; lastKnownFileType = sourcecode.c.objc; path = AppDelegate.m; sourceTree = "<group>"; };
		05884F2C19575876007BDA67 /* Images.xcassets */ = {isa = PBXFileReference; lastKnownFileType = folder.assetcatalog; path = Images.xcassets; sourceTree = "<group>"; };
		05884F3219575876007BDA67 /* PaperTests.xctest */ = {isa = PBXFileReference; explicitFileType = wrapper.cfbundle; includeInIndex = 0; path = PaperTests.xctest; sourceTree = BUILT_PRODUCTS_DIR; };
		05884F3319575876007BDA67 /* XCTest.framework */ = {isa = PBXFileReference; lastKnownFileType = wrapper.framework; name = XCTest.framework; path = Library/Frameworks/XCTest.framework; sourceTree = DEVELOPER_DIR; };
		05884F3B19575876007BDA67 /* PaperTests-Info.plist */ = {isa = PBXFileReference; lastKnownFileType = text.plist.xml; path = "PaperTests-Info.plist"; sourceTree = "<group>"; };
		05884F3D19575876007BDA67 /* en */ = {isa = PBXFileReference; lastKnownFileType = text.plist.strings; name = en; path = en.lproj/InfoPlist.strings; sourceTree = "<group>"; };
		05884F3F19575876007BDA67 /* PaperTests.m */ = {isa = PBXFileReference; lastKnownFileType = sourcecode.c.objc; path = PaperTests.m; sourceTree = "<group>"; };
		05884F491957588B007BDA67 /* MainViewController.h */ = {isa = PBXFileReference; fileEncoding = 4; lastKnownFileType = sourcecode.c.h; path = MainViewController.h; sourceTree = "<group>"; };
		05884F4A1957588B007BDA67 /* MainViewController.m */ = {isa = PBXFileReference; fileEncoding = 4; lastKnownFileType = sourcecode.c.objc; path = MainViewController.m; sourceTree = "<group>"; };
		05884F4B1957588B007BDA67 /* MainViewController.xib */ = {isa = PBXFileReference; fileEncoding = 4; lastKnownFileType = file.xib; path = MainViewController.xib; sourceTree = "<group>"; };
/* End PBXFileReference section */

/* Begin PBXFrameworksBuildPhase section */
		05884F1419575876007BDA67 /* Frameworks */ = {
			isa = PBXFrameworksBuildPhase;
			buildActionMask = 2147483647;
			files = (
				05884F1D19575876007BDA67 /* CoreGraphics.framework in Frameworks */,
				05884F1F19575876007BDA67 /* UIKit.framework in Frameworks */,
				05884F1B19575876007BDA67 /* Foundation.framework in Frameworks */,
			);
			runOnlyForDeploymentPostprocessing = 0;
		};
		05884F2F19575876007BDA67 /* Frameworks */ = {
			isa = PBXFrameworksBuildPhase;
			buildActionMask = 2147483647;
			files = (
				05884F3419575876007BDA67 /* XCTest.framework in Frameworks */,
				05884F3619575876007BDA67 /* UIKit.framework in Frameworks */,
				05884F3519575876007BDA67 /* Foundation.framework in Frameworks */,
			);
			runOnlyForDeploymentPostprocessing = 0;
		};
/* End PBXFrameworksBuildPhase section */

/* Begin PBXGroup section */
		05884F0E19575876007BDA67 = {
			isa = PBXGroup;
			children = (
				05884F2019575876007BDA67 /* Paper */,
				05884F3919575876007BDA67 /* PaperTests */,
				05884F1919575876007BDA67 /* Frameworks */,
				05884F1819575876007BDA67 /* Products */,
			);
			sourceTree = "<group>";
		};
		05884F1819575876007BDA67 /* Products */ = {
			isa = PBXGroup;
			children = (
				05884F1719575876007BDA67 /* Paper.app */,
				05884F3219575876007BDA67 /* PaperTests.xctest */,
			);
			name = Products;
			sourceTree = "<group>";
		};
		05884F1919575876007BDA67 /* Frameworks */ = {
			isa = PBXGroup;
			children = (
				05884F1A19575876007BDA67 /* Foundation.framework */,
				05884F1C19575876007BDA67 /* CoreGraphics.framework */,
				05884F1E19575876007BDA67 /* UIKit.framework */,
				05884F3319575876007BDA67 /* XCTest.framework */,
			);
			name = Frameworks;
			sourceTree = "<group>";
		};
		05884F2019575876007BDA67 /* Paper */ = {
			isa = PBXGroup;
			children = (
				05884F2919575876007BDA67 /* AppDelegate.h */,
				05884F2A19575876007BDA67 /* AppDelegate.m */,
				05884F2C19575876007BDA67 /* Images.xcassets */,
				05884F2119575876007BDA67 /* Supporting Files */,
				05884F491957588B007BDA67 /* MainViewController.h */,
				05884F4A1957588B007BDA67 /* MainViewController.m */,
				05884F4B1957588B007BDA67 /* MainViewController.xib */,
			);
			path = Paper;
			sourceTree = "<group>";
		};
		05884F2119575876007BDA67 /* Supporting Files */ = {
			isa = PBXGroup;
			children = (
				05884F2219575876007BDA67 /* Paper-Info.plist */,
				05884F2319575876007BDA67 /* InfoPlist.strings */,
				05884F2619575876007BDA67 /* main.m */,
				05884F2819575876007BDA67 /* Paper-Prefix.pch */,
			);
			name = "Supporting Files";
			sourceTree = "<group>";
		};
		05884F3919575876007BDA67 /* PaperTests */ = {
			isa = PBXGroup;
			children = (
				05884F3F19575876007BDA67 /* PaperTests.m */,
				05884F3A19575876007BDA67 /* Supporting Files */,
			);
			path = PaperTests;
			sourceTree = "<group>";
		};
		05884F3A19575876007BDA67 /* Supporting Files */ = {
			isa = PBXGroup;
			children = (
				05884F3B19575876007BDA67 /* PaperTests-Info.plist */,
				05884F3C19575876007BDA67 /* InfoPlist.strings */,
			);
			name = "Supporting Files";
			sourceTree = "<group>";
		};
/* End PBXGroup section */

/* Begin PBXNativeTarget section */
		05884F1619575876007BDA67 /* Paper */ = {
			isa = PBXNativeTarget;
			buildConfigurationList = 05884F4319575876007BDA67 /* Build configuration list for PBXNativeTarget "Paper" */;
			buildPhases = (
				05884F1319575876007BDA67 /* Sources */,
				05884F1419575876007BDA67 /* Frameworks */,
				05884F1519575876007BDA67 /* Resources */,
			);
			buildRules = (
			);
			dependencies = (
			);
			name = Paper;
			productName = Paper;
			productReference = 05884F1719575876007BDA67 /* Paper.app */;
			productType = "com.apple.product-type.application";
		};
		05884F3119575876007BDA67 /* PaperTests */ = {
			isa = PBXNativeTarget;
			buildConfigurationList = 05884F4619575876007BDA67 /* Build configuration list for PBXNativeTarget "PaperTests" */;
			buildPhases = (
				05884F2E19575876007BDA67 /* Sources */,
				05884F2F19575876007BDA67 /* Frameworks */,
				05884F3019575876007BDA67 /* Resources */,
			);
			buildRules = (
			);
			dependencies = (
				05884F3819575876007BDA67 /* PBXTargetDependency */,
			);
			name = PaperTests;
			productName = PaperTests;
			productReference = 05884F3219575876007BDA67 /* PaperTests.xctest */;
			productType = "com.apple.product-type.bundle.unit-test";
		};
/* End PBXNativeTarget section */

/* Begin PBXProject section */
		05884F0F19575876007BDA67 /* Project object */ = {
			isa = PBXProject;
			attributes = {
				LastUpgradeCheck = 0510;
				ORGANIZATIONNAME = "Manish Gujjar";
				TargetAttributes = {
					05884F3119575876007BDA67 = {
						TestTargetID = 05884F1619575876007BDA67;
					};
				};
			};
			buildConfigurationList = 05884F1219575876007BDA67 /* Build configuration list for PBXProject "Paper" */;
			compatibilityVersion = "Xcode 3.2";
			developmentRegion = English;
			hasScannedForEncodings = 0;
			knownRegions = (
				en,
			);
			mainGroup = 05884F0E19575876007BDA67;
			productRefGroup = 05884F1819575876007BDA67 /* Products */;
			projectDirPath = "";
			projectRoot = "";
			targets = (
				05884F1619575876007BDA67 /* Paper */,
				05884F3119575876007BDA67 /* PaperTests */,
			);
		};
/* End PBXProject section */

/* Begin PBXResourcesBuildPhase section */
		05884F1519575876007BDA67 /* Resources */ = {
			isa = PBXResourcesBuildPhase;
			buildActionMask = 2147483647;
			files = (
				05884F2519575876007BDA67 /* InfoPlist.strings in Resources */,
				05884F4D1957588B007BDA67 /* MainViewController.xib in Resources */,
				05884F2D19575876007BDA67 /* Images.xcassets in Resources */,
			);
			runOnlyForDeploymentPostprocessing = 0;
		};
		05884F3019575876007BDA67 /* Resources */ = {
			isa = PBXResourcesBuildPhase;
			buildActionMask = 2147483647;
			files = (
				05884F3E19575876007BDA67 /* InfoPlist.strings in Resources */,
			);
			runOnlyForDeploymentPostprocessing = 0;
		};
/* End PBXResourcesBuildPhase section */

/* Begin PBXSourcesBuildPhase section */
		05884F1319575876007BDA67 /* Sources */ = {
			isa = PBXSourcesBuildPhase;
			buildActionMask = 2147483647;
			files = (
				05884F2B19575876007BDA67 /* AppDelegate.m in Sources */,
				05884F4C1957588B007BDA67 /* MainViewController.m in Sources */,
				05884F2719575876007BDA67 /* main.m in Sources */,
			);
			runOnlyForDeploymentPostprocessing = 0;
		};
		05884F2E19575876007BDA67 /* Sources */ = {
			isa = PBXSourcesBuildPhase;
			buildActionMask = 2147483647;
			files = (
				05884F4019575876007BDA67 /* PaperTests.m in Sources */,
			);
			runOnlyForDeploymentPostprocessing = 0;
		};
/* End PBXSourcesBuildPhase section */

/* Begin PBXTargetDependency section */
		05884F3819575876007BDA67 /* PBXTargetDependency */ = {
			isa = PBXTargetDependency;
			target = 05884F1619575876007BDA67 /* Paper */;
			targetProxy = 05884F3719575876007BDA67 /* PBXContainerItemProxy */;
		};
/* End PBXTargetDependency section */

/* Begin PBXVariantGroup section */
		05884F2319575876007BDA67 /* InfoPlist.strings */ = {
			isa = PBXVariantGroup;
			children = (
				05884F2419575876007BDA67 /* en */,
			);
			name = InfoPlist.strings;
			sourceTree = "<group>";
		};
		05884F3C19575876007BDA67 /* InfoPlist.strings */ = {
			isa = PBXVariantGroup;
			children = (
				05884F3D19575876007BDA67 /* en */,
			);
			name = InfoPlist.strings;
			sourceTree = "<group>";
		};
/* End PBXVariantGroup section */

/* Begin XCBuildConfiguration section */
		05884F4119575876007BDA67 /* Debug */ = {
			isa = XCBuildConfiguration;
			buildSettings = {
				ALWAYS_SEARCH_USER_PATHS = NO;
				CLANG_CXX_LANGUAGE_STANDARD = "gnu++0x";
				CLANG_CXX_LIBRARY = "libc++";
				CLANG_ENABLE_MODULES = YES;
				CLANG_ENABLE_OBJC_ARC = YES;
				CLANG_WARN_BOOL_CONVERSION = YES;
				CLANG_WARN_CONSTANT_CONVERSION = YES;
				CLANG_WARN_DIRECT_OBJC_ISA_USAGE = YES_ERROR;
				CLANG_WARN_EMPTY_BODY = YES;
				CLANG_WARN_ENUM_CONVERSION = YES;
				CLANG_WARN_INT_CONVERSION = YES;
				CLANG_WARN_OBJC_ROOT_CLASS = YES_ERROR;
				CLANG_WARN__DUPLICATE_METHOD_MATCH = YES;
				"CODE_SIGN_IDENTITY[sdk=iphoneos*]" = "iPhone Developer";
				COPY_PHASE_STRIP = NO;
				GCC_C_LANGUAGE_STANDARD = gnu99;
				GCC_DYNAMIC_NO_PIC = NO;
				GCC_OPTIMIZATION_LEVEL = 0;
				GCC_PREPROCESSOR_DEFINITIONS = (
					"DEBUG=1",
					"$(inherited)",
				);
				GCC_SYMBOLS_PRIVATE_EXTERN = NO;
				GCC_WARN_64_TO_32_BIT_CONVERSION = YES;
				GCC_WARN_ABOUT_RETURN_TYPE = YES_ERROR;
				GCC_WARN_UNDECLARED_SELECTOR = YES;
				GCC_WARN_UNINITIALIZED_AUTOS = YES_AGGRESSIVE;
				GCC_WARN_UNUSED_FUNCTION = YES;
				GCC_WARN_UNUSED_VARIABLE = YES;
				IPHONEOS_DEPLOYMENT_TARGET = 7.1;
				ONLY_ACTIVE_ARCH = YES;
				SDKROOT = iphoneos;
			};
			name = Debug;
		};
		05884F4219575876007BDA67 /* Release */ = {
			isa = XCBuildConfiguration;
			buildSettings = {
				ALWAYS_SEARCH_USER_PATHS = NO;
				CLANG_CXX_LANGUAGE_STANDARD = "gnu++0x";
				CLANG_CXX_LIBRARY = "libc++";
				CLANG_ENABLE_MODULES = YES;
				CLANG_ENABLE_OBJC_ARC = YES;
				CLANG_WARN_BOOL_CONVERSION = YES;
				CLANG_WARN_CONSTANT_CONVERSION = YES;
				CLANG_WARN_DIRECT_OBJC_ISA_USAGE = YES_ERROR;
				CLANG_WARN_EMPTY_BODY = YES;
				CLANG_WARN_ENUM_CONVERSION = YES;
				CLANG_WARN_INT_CONVERSION = YES;
				CLANG_WARN_OBJC_ROOT_CLASS = YES_ERROR;
				CLANG_WARN__DUPLICATE_METHOD_MATCH = YES;
				"CODE_SIGN_IDENTITY[sdk=iphoneos*]" = "iPhone Developer";
				COPY_PHASE_STRIP = YES;
				ENABLE_NS_ASSERTIONS = NO;
				GCC_C_LANGUAGE_STANDARD = gnu99;
				GCC_WARN_64_TO_32_BIT_CONVERSION = YES;
				GCC_WARN_ABOUT_RETURN_TYPE = YES_ERROR;
				GCC_WARN_UNDECLARED_SELECTOR = YES;
				GCC_WARN_UNINITIALIZED_AUTOS = YES_AGGRESSIVE;
				GCC_WARN_UNUSED_FUNCTION = YES;
				GCC_WARN_UNUSED_VARIABLE = YES;
				IPHONEOS_DEPLOYMENT_TARGET = 7.1;
				SDKROOT = iphoneos;
				VALIDATE_PRODUCT = YES;
			};
			name = Release;
		};
		05884F4419575876007BDA67 /* Debug */ = {
			isa = XCBuildConfiguration;
			buildSettings = {
				ASSETCATALOG_COMPILER_APPICON_NAME = AppIcon;
				ASSETCATALOG_COMPILER_LAUNCHIMAGE_NAME = LaunchImage;
				GCC_PRECOMPILE_PREFIX_HEADER = YES;
				GCC_PREFIX_HEADER = "Paper/Paper-Prefix.pch";
				INFOPLIST_FILE = "Paper/Paper-Info.plist";
				PRODUCT_NAME = "$(TARGET_NAME)";
				WRAPPER_EXTENSION = app;
			};
			name = Debug;
		};
		05884F4519575876007BDA67 /* Release */ = {
			isa = XCBuildConfiguration;
			buildSettings = {
				ASSETCATALOG_COMPILER_APPICON_NAME = AppIcon;
				ASSETCATALOG_COMPILER_LAUNCHIMAGE_NAME = LaunchImage;
				GCC_PRECOMPILE_PREFIX_HEADER = YES;
				GCC_PREFIX_HEADER = "Paper/Paper-Prefix.pch";
				INFOPLIST_FILE = "Paper/Paper-Info.plist";
				PRODUCT_NAME = "$(TARGET_NAME)";
				WRAPPER_EXTENSION = app;
			};
			name = Release;
		};
		05884F4719575876007BDA67 /* Debug */ = {
			isa = XCBuildConfiguration;
			buildSettings = {
				BUNDLE_LOADER = "$(BUILT_PRODUCTS_DIR)/Paper.app/Paper";
				FRAMEWORK_SEARCH_PATHS = (
					"$(SDKROOT)/Developer/Library/Frameworks",
					"$(inherited)",
					"$(DEVELOPER_FRAMEWORKS_DIR)",
				);
				GCC_PRECOMPILE_PREFIX_HEADER = YES;
				GCC_PREFIX_HEADER = "Paper/Paper-Prefix.pch";
				GCC_PREPROCESSOR_DEFINITIONS = (
					"DEBUG=1",
					"$(inherited)",
				);
				INFOPLIST_FILE = "PaperTests/PaperTests-Info.plist";
				PRODUCT_NAME = "$(TARGET_NAME)";
				TEST_HOST = "$(BUNDLE_LOADER)";
				WRAPPER_EXTENSION = xctest;
			};
			name = Debug;
		};
		05884F4819575876007BDA67 /* Release */ = {
			isa = XCBuildConfiguration;
			buildSettings = {
				BUNDLE_LOADER = "$(BUILT_PRODUCTS_DIR)/Paper.app/Paper";
				FRAMEWORK_SEARCH_PATHS = (
					"$(SDKROOT)/Developer/Library/Frameworks",
					"$(inherited)",
					"$(DEVELOPER_FRAMEWORKS_DIR)",
				);
				GCC_PRECOMPILE_PREFIX_HEADER = YES;
				GCC_PREFIX_HEADER = "Paper/Paper-Prefix.pch";
				INFOPLIST_FILE = "PaperTests/PaperTests-Info.plist";
				PRODUCT_NAME = "$(TARGET_NAME)";
				TEST_HOST = "$(BUNDLE_LOADER)";
				WRAPPER_EXTENSION = xctest;
			};
			name = Release;
		};
/* End XCBuildConfiguration section */

/* Begin XCConfigurationList section */
		05884F1219575876007BDA67 /* Build configuration list for PBXProject "Paper" */ = {
			isa = XCConfigurationList;
			buildConfigurations = (
				05884F4119575876007BDA67 /* Debug */,
				05884F4219575876007BDA67 /* Release */,
			);
			defaultConfigurationIsVisible = 0;
			defaultConfigurationName = Release;
		};
		05884F4319575876007BDA67 /* Build configuration list for PBXNativeTarget "Paper" */ = {
			isa = XCConfigurationList;
			buildConfigurations = (
				05884F4419575876007BDA67 /* Debug */,
				05884F4519575876007BDA67 /* Release */,
			);
			defaultConfigurationIsVisible = 0;
		};
		05884F4619575876007BDA67 /* Build configuration list for PBXNativeTarget "PaperTests" */ = {
			isa = XCConfigurationList;
			buildConfigurations = (
				05884F4719575876007BDA67 /* Debug */,
				05884F4819575876007BDA67 /* Release */,
			);
			defaultConfigurationIsVisible = 0;
		};
/* End XCConfigurationList section */
	};
	rootObject = 05884F0F19575876007BDA67 /* Project object */;
}
